
Microsoft Visual Studio Solution File, Format Version 12.00
# Visual Studio Version 16
VisualStudioVersion = 16.0.28714.193
MinimumVisualStudioVersion = 10.0.40219.1
Project("{FAE04EC0-301F-11D3-BF4B-00C04F79EFBC}") = "GlobalAzureBootcamp", "GlobalAzureBootcamp\GlobalAzureBootcamp.csproj", "{2903C58B-3F95-4582-9207-18CBFFB55517}"
EndProject
Global
	GlobalSection(SolutionConfigurationPlatforms) = preSolution
		Debug|Any CPU = Debug|Any CPU
		Release|Any CPU = Release|Any CPU
	EndGlobalSection
	GlobalSection(ProjectConfigurationPlatforms) = postSolution
		{2903C58B-3F95-4582-9207-18CBFFB55517}.Debug|Any CPU.ActiveCfg = Debug|Any CPU
		{2903C58B-3F95-4582-9207-18CBFFB55517}.Debug|Any CPU.Build.0 = Debug|Any CPU
		{2903C58B-3F95-4582-9207-18CBFFB55517}.Release|Any CPU.ActiveCfg = Release|Any CPU
		{2903C58B-3F95-4582-9207-18CBFFB55517}.Release|Any CPU.Build.0 = Release|Any CPU
	EndGlobalSection
	GlobalSection(SolutionProperties) = preSolution
		HideSolutionNode = FALSE
	EndGlobalSection
	GlobalSection(ExtensibilityGlobals) = postSolution
		SolutionGuid = {DD45AA40-0F3E-42CD-B55B-CF15E5240918}
	EndGlobalSection
EndGlobal
